// !$*UTF8*$!
{
	archiveVersion = 1;
	classes = {
	};
	objectVersion = 50;
	objects = {

/* Begin PBXBuildFile section */
		DB11DB5D22CEF4FD00DCCD78 /* AppDelegate.m in Sources */ = {isa = PBXBuildFile; fileRef = DB11DB5C22CEF4FD00DCCD78 /* AppDelegate.m */; };
		DB11DB6022CEF4FD00DCCD78 /* ViewController.m in Sources */ = {isa = PBXBuildFile; fileRef = DB11DB5F22CEF4FD00DCCD78 /* ViewController.m */; };
		DB11DB6322CEF4FD00DCCD78 /* Main.storyboard in Resources */ = {isa = PBXBuildFile; fileRef = DB11DB6122CEF4FD00DCCD78 /* Main.storyboard */; };
		DB11DB6522CEF4FD00DCCD78 /* Assets.xcassets in Resources */ = {isa = PBXBuildFile; fileRef = DB11DB6422CEF4FD00DCCD78 /* Assets.xcassets */; };
		DB11DB6822CEF4FD00DCCD78 /* LaunchScreen.storyboard in Resources */ = {isa = PBXBuildFile; fileRef = DB11DB6622CEF4FD00DCCD78 /* LaunchScreen.storyboard */; };
		DB11DB6B22CEF4FD00DCCD78 /* main.m in Sources */ = {isa = PBXBuildFile; fileRef = DB11DB6A22CEF4FD00DCCD78 /* main.m */; };
		DB11DB7622CF41AB00DCCD78 /* FFViewController.m in Sources */ = {isa = PBXBuildFile; fileRef = DB11DB7522CF41AB00DCCD78 /* FFViewController.m */; };
/* End PBXBuildFile section */

/* Begin PBXFileReference section */
		DB11DB5822CEF4FD00DCCD78 /* AlarmClock.app */ = {isa = PBXFileReference; explicitFileType = wrapper.application; includeInIndex = 0; path = AlarmClock.app; sourceTree = BUILT_PRODUCTS_DIR; };
		DB11DB5B22CEF4FD00DCCD78 /* AppDelegate.h */ = {isa = PBXFileReference; lastKnownFileType = sourcecode.c.h; path = AppDelegate.h; sourceTree = "<group>"; };
		DB11DB5C22CEF4FD00DCCD78 /* AppDelegate.m */ = {isa = PBXFileReference; lastKnownFileType = sourcecode.c.objc; path = AppDelegate.m; sourceTree = "<group>"; };
		DB11DB5E22CEF4FD00DCCD78 /* ViewController.h */ = {isa = PBXFileReference; lastKnownFileType = sourcecode.c.h; path = ViewController.h; sourceTree = "<group>"; };
		DB11DB5F22CEF4FD00DCCD78 /* ViewController.m */ = {isa = PBXFileReference; lastKnownFileType = sourcecode.c.objc; path = ViewController.m; sourceTree = "<group>"; };
		DB11DB6222CEF4FD00DCCD78 /* Base */ = {isa = PBXFileReference; lastKnownFileType = file.storyboard; name = Base; path = Base.lproj/Main.storyboard; sourceTree = "<group>"; };
		DB11DB6422CEF4FD00DCCD78 /* Assets.xcassets */ = {isa = PBXFileReference; lastKnownFileType = folder.assetcatalog; path = Assets.xcassets; sourceTree = "<group>"; };
		DB11DB6722CEF4FD00DCCD78 /* Base */ = {isa = PBXFileReference; lastKnownFileType = file.storyboard; name = Base; path = Base.lproj/LaunchScreen.storyboard; sourceTree = "<group>"; };
		DB11DB6922CEF4FD00DCCD78 /* Info.plist */ = {isa = PBXFileReference; lastKnownFileType = text.plist.xml; path = Info.plist; sourceTree = "<group>"; };
		DB11DB6A22CEF4FD00DCCD78 /* main.m */ = {isa = PBXFileReference; lastKnownFileType = sourcecode.c.objc; path = main.m; sourceTree = "<group>"; };
		DB11DB7422CF41AB00DCCD78 /* FFViewController.h */ = {isa = PBXFileReference; lastKnownFileType = sourcecode.c.h; path = FFViewController.h; sourceTree = "<group>"; };
		DB11DB7522CF41AB00DCCD78 /* FFViewController.m */ = {isa = PBXFileReference; lastKnownFileType = sourcecode.c.objc; path = FFViewController.m; sourceTree = "<group>"; };
/* End PBXFileReference section */

/* Begin PBXFrameworksBuildPhase section */
		DB11DB5522CEF4FD00DCCD78 /* Frameworks */ = {
			isa = PBXFrameworksBuildPhase;
			buildActionMask = 2147483647;
			files = (
			);
			runOnlyForDeploymentPostprocessing = 0;
		};
/* End PBXFrameworksBuildPhase section */

/* Begin PBXGroup section */
		DB11DB4F22CEF4FD00DCCD78 = {
			isa = PBXGroup;
			children = (
				DB11DB5A22CEF4FD00DCCD78 /* AlarmClock */,
				DB11DB5922CEF4FD00DCCD78 /* Products */,
			);
			sourceTree = "<group>";
		};
		DB11DB5922CEF4FD00DCCD78 /* Products */ = {
			isa = PBXGroup;
			children = (
				DB11DB5822CEF4FD00DCCD78 /* AlarmClock.app */,
			);
			name = Products;
			sourceTree = "<group>";
		};
		DB11DB5A22CEF4FD00DCCD78 /* AlarmClock */ = {
			isa = PBXGroup;
			children = (
				DB11DB5B22CEF4FD00DCCD78 /* AppDelegate.h */,
				DB11DB5C22CEF4FD00DCCD78 /* AppDelegate.m */,
				DB11DB5E22CEF4FD00DCCD78 /* ViewController.h */,
				DB11DB5F22CEF4FD00DCCD78 /* ViewController.m */,
				DB11DB6122CEF4FD00DCCD78 /* Main.storyboard */,
				DB11DB6422CEF4FD00DCCD78 /* Assets.xcassets */,
				DB11DB6622CEF4FD00DCCD78 /* LaunchScreen.storyboard */,
				DB11DB6922CEF4FD00DCCD78 /* Info.plist */,
				DB11DB6A22CEF4FD00DCCD78 /* main.m */,
				DB11DB7422CF41AB00DCCD78 /* FFViewController.h */,
				DB11DB7522CF41AB00DCCD78 /* FFViewController.m */,
			);
			path = AlarmClock;
			sourceTree = "<group>";
		};
/* End PBXGroup section */

/* Begin PBXNativeTarget section */
		DB11DB5722CEF4FD00DCCD78 /* AlarmClock */ = {
			isa = PBXNativeTarget;
			buildConfigurationList = DB11DB6E22CEF4FD00DCCD78 /* Build configuration list for PBXNativeTarget "AlarmClock" */;
			buildPhases = (
				DB11DB5422CEF4FD00DCCD78 /* Sources */,
				DB11DB5522CEF4FD00DCCD78 /* Frameworks */,
				DB11DB5622CEF4FD00DCCD78 /* Resources */,
			);
			buildRules = (
			);
			dependencies = (
			);
			name = AlarmClock;
			productName = AlarmClock;
			productReference = DB11DB5822CEF4FD00DCCD78 /* AlarmClock.app */;
			productType = "com.apple.product-type.application";
		};
/* End PBXNativeTarget section */

/* Begin PBXProject section */
		DB11DB5022CEF4FD00DCCD78 /* Project object */ = {
			isa = PBXProject;
			attributes = {
				LastUpgradeCheck = 1020;
				ORGANIZATIONNAME = zw;
				TargetAttributes = {
					DB11DB5722CEF4FD00DCCD78 = {
						CreatedOnToolsVersion = 10.2.1;
					};
				};
			};
			buildConfigurationList = DB11DB5322CEF4FD00DCCD78 /* Build configuration list for PBXProject "AlarmClock" */;
			compatibilityVersion = "Xcode 9.3";
			developmentRegion = en;
			hasScannedForEncodings = 0;
			knownRegions = (
				en,
				Base,
			);
			mainGroup = DB11DB4F22CEF4FD00DCCD78;
			productRefGroup = DB11DB5922CEF4FD00DCCD78 /* Products */;
			projectDirPath = "";
			projectRoot = "";
			targets = (
				DB11DB5722CEF4FD00DCCD78 /* AlarmClock */,
			);
		};
/* End PBXProject section */

/* Begin PBXResourcesBuildPhase section */
		DB11DB5622CEF4FD00DCCD78 /* Resources */ = {
			isa = PBXResourcesBuildPhase;
			buildActionMask = 2147483647;
			files = (
				DB11DB6822CEF4FD00DCCD78 /* LaunchScreen.storyboard in Resources */,
				DB11DB6522CEF4FD00DCCD78 /* Assets.xcassets in Resources */,
				DB11DB6322CEF4FD00DCCD78 /* Main.storyboard in Resources */,
			);
			runOnlyForDeploymentPostprocessing = 0;
		};
/* End PBXResourcesBuildPhase section */

/* Begin PBXSourcesBuildPhase section */
		DB11DB5422CEF4FD00DCCD78 /* Sources */ = {
			isa = PBXSourcesBuildPhase;
			buildActionMask = 2147483647;
			files = (
				DB11DB7622CF41AB00DCCD78 /* FFViewController.m in Sources */,
				DB11DB6022CEF4FD00DCCD78 /* ViewController.m in Sources */,
				DB11DB6B22CEF4FD00DCCD78 /* main.m in Sources */,
				DB11DB5D22CEF4FD00DCCD78 /* AppDelegate.m in Sources */,
			);
			runOnlyForDeploymentPostprocessing = 0;
		};
/* End PBXSourcesBuildPhase section */

/* Begin PBXVariantGroup section */
		DB11DB6122CEF4FD00DCCD78 /* Main.storyboard */ = {
			isa = PBXVariantGroup;
			children = (
				DB11DB6222CEF4FD00DCCD78 /* Base */,
			);
			name = Main.storyboard;
			sourceTree = "<group>";
		};
		DB11DB6622CEF4FD00DCCD78 /* LaunchScreen.storyboard */ = {
			isa = PBXVariantGroup;
			children = (
				DB11DB6722CEF4FD00DCCD78 /* Base */,
			);
			name = LaunchScreen.storyboard;
			sourceTree = "<group>";
		};
/* End PBXVariantGroup section */

/* Begin XCBuildConfiguration section */
		DB11DB6C22CEF4FD00DCCD78 /* Debug */ = {
			isa = XCBuildConfiguration;
			buildSettings = {
				ALWAYS_SEARCH_USER_PATHS = NO;
				CLANG_ANALYZER_NONNULL = YES;
				CLANG_ANALYZER_NUMBER_OBJECT_CONVERSION = YES_AGGRESSIVE;
				CLANG_CXX_LANGUAGE_STANDARD = "gnu++14";
				CLANG_CXX_LIBRARY = "libc++";
				CLANG_ENABLE_MODULES = YES;
				CLANG_ENABLE_OBJC_ARC = YES;
				CLANG_ENABLE_OBJC_WEAK = YES;
				CLANG_WARN_BLOCK_CAPTURE_AUTORELEASING = YES;
				CLANG_WARN_BOOL_CONVERSION = YES;
				CLANG_WARN_COMMA = YES;
				CLANG_WARN_CONSTANT_CONVERSION = YES;
				CLANG_WARN_DEPRECATED_OBJC_IMPLEMENTATIONS = YES;
				CLANG_WARN_DIRECT_OBJC_ISA_USAGE = YES_ERROR;
				CLANG_WARN_DOCUMENTATION_COMMENTS = YES;
				CLANG_WARN_EMPTY_BODY = YES;
				CLANG_WARN_ENUM_CONVERSION = YES;
				CLANG_WARN_INFINITE_RECURSION = YES;
				CLANG_WARN_INT_CONVERSION = YES;
				CLANG_WARN_NON_LITERAL_NULL_CONVERSION = YES;
				CLANG_WARN_OBJC_IMPLICIT_RETAIN_SELF = YES;
				CLANG_WARN_OBJC_LITERAL_CONVERSION = YES;
				CLANG_WARN_OBJC_ROOT_CLASS = YES_ERROR;
				CLANG_WARN_RANGE_LOOP_ANALYSIS = YES;
				CLANG_WARN_STRICT_PROTOTYPES = YES;
				CLANG_WARN_SUSPICIOUS_MOVE = YES;
				CLANG_WARN_UNGUARDED_AVAILABILITY = YES_AGGRESSIVE;
				CLANG_WARN_UNREACHABLE_CODE = YES;
				CLANG_WARN__DUPLICATE_METHOD_MATCH = YES;
				CODE_SIGN_IDENTITY = "iPhone Developer";
				COPY_PHASE_STRIP = NO;
				DEBUG_INFORMATION_FORMAT = dwarf;
				ENABLE_STRICT_OBJC_MSGSEND = YES;
				ENABLE_TESTABILITY = YES;
				GCC_C_LANGUAGE_STANDARD = gnu11;
				GCC_DYNAMIC_NO_PIC = NO;
				GCC_NO_COMMON_BLOCKS = YES;
				GCC_OPTIMIZATION_LEVEL = 0;
				GCC_PREPROCESSOR_DEFINITIONS = (
					"DEBUG=1",
					"$(inherited)",
				);
				GCC_WARN_64_TO_32_BIT_CONVERSION = YES;
				GCC_WARN_ABOUT_RETURN_TYPE = YES_ERROR;
				GCC_WARN_UNDECLARED_SELECTOR = YES;
				GCC_WARN_UNINITIALIZED_AUTOS = YES_AGGRESSIVE;
				GCC_WARN_UNUSED_FUNCTION = YES;
				GCC_WARN_UNUSED_VARIABLE = YES;
				IPHONEOS_DEPLOYMENT_TARGET = 12.2;
				MTL_ENABLE_DEBUG_INFO = INCLUDE_SOURCE;
				MTL_FAST_MATH = YES;
				ONLY_ACTIVE_ARCH = YES;
				SDKROOT = iphoneos;
			};
			name = Debug;
		};
		DB11DB6D22CEF4FD00DCCD78 /* Release */ = {
			isa = XCBuildConfiguration;
			buildSettings = {
				ALWAYS_SEARCH_USER_PATHS = NO;
				CLANG_ANALYZER_NONNULL = YES;
				CLANG_ANALYZER_NUMBER_OBJECT_CONVERSION = YES_AGGRESSIVE;
				CLANG_CXX_LANGUAGE_STANDARD = "gnu++14";
				CLANG_CXX_LIBRARY = "libc++";
				CLANG_ENABLE_MODULES = YES;
				CLANG_ENABLE_OBJC_ARC = YES;
				CLANG_ENABLE_OBJC_WEAK = YES;
				CLANG_WARN_BLOCK_CAPTURE_AUTORELEASING = YES;
				CLANG_WARN_BOOL_CONVERSION = YES;
				CLANG_WARN_COMMA = YES;
				CLANG_WARN_CONSTANT_CONVERSION = YES;
				CLANG_WARN_DEPRECATED_OBJC_IMPLEMENTATIONS = YES;
				CLANG_WARN_DIRECT_OBJC_ISA_USAGE = YES_ERROR;
				CLANG_WARN_DOCUMENTATION_COMMENTS = YES;
				CLANG_WARN_EMPTY_BODY = YES;
				CLANG_WARN_ENUM_CONVERSION = YES;
				CLANG_WARN_INFINITE_RECURSION = YES;
				CLANG_WARN_INT_CONVERSION = YES;
				CLANG_WARN_NON_LITERAL_NULL_CONVERSION = YES;
				CLANG_WARN_OBJC_IMPLICIT_RETAIN_SELF = YES;
				CLANG_WARN_OBJC_LITERAL_CONVERSION = YES;
				CLANG_WARN_OBJC_ROOT_CLASS = YES_ERROR;
				CLANG_WARN_RANGE_LOOP_ANALYSIS = YES;
				CLANG_WARN_STRICT_PROTOTYPES = YES;
				CLANG_WARN_SUSPICIOUS_MOVE = YES;
				CLANG_WARN_UNGUARDED_AVAILABILITY = YES_AGGRESSIVE;
				CLANG_WARN_UNREACHABLE_CODE = YES;
				CLANG_WARN__DUPLICATE_METHOD_MATCH = YES;
				CODE_SIGN_IDENTITY = "iPhone Developer";
				COPY_PHASE_STRIP = NO;
				DEBUG_INFORMATION_FORMAT = "dwarf-with-dsym";
				ENABLE_NS_ASSERTIONS = NO;
				ENABLE_STRICT_OBJC_MSGSEND = YES;
				GCC_C_LANGUAGE_STANDARD = gnu11;
				GCC_NO_COMMON_BLOCKS = YES;
				GCC_WARN_64_TO_32_BIT_CONVERSION = YES;
				GCC_WARN_ABOUT_RETURN_TYPE = YES_ERROR;
				GCC_WARN_UNDECLARED_SELECTOR = YES;
				GCC_WARN_UNINITIALIZED_AUTOS = YES_AGGRESSIVE;
				GCC_WARN_UNUSED_FUNCTION = YES;
				GCC_WARN_UNUSED_VARIABLE = YES;
				IPHONEOS_DEPLOYMENT_TARGET = 12.2;
				MTL_ENABLE_DEBUG_INFO = NO;
				MTL_FAST_MATH = YES;
				SDKROOT = iphoneos;
				VALIDATE_PRODUCT = YES;
			};
			name = Release;
		};
		DB11DB6F22CEF4FD00DCCD78 /* Debug */ = {
			isa = XCBuildConfiguration;
			buildSettings = {
				ASSETCATALOG_COMPILER_APPICON_NAME = AppIcon;
				CODE_SIGN_STYLE = Automatic;
				DEVELOPMENT_TEAM = SJXZN3U49U;
				INFOPLIST_FILE = AlarmClock/Info.plist;
				LD_RUNPATH_SEARCH_PATHS = (
					"$(inherited)",
					"@executable_path/Frameworks",
				);
				PRODUCT_BUNDLE_IDENTIFIER = com.zw.AlarmClock;
				PRODUCT_NAME = "$(TARGET_NAME)";
				TARGETED_DEVICE_FAMILY = "1,2";
			};
			name = Debug;
		};
		DB11DB7022CEF4FD00DCCD78 /* Release */ = {
			isa = XCBuildConfiguration;
			buildSettings = {
				ASSETCATALOG_COMPILER_APPICON_NAME = AppIcon;
				CODE_SIGN_STYLE = Automatic;
				DEVELOPMENT_TEAM = SJXZN3U49U;
				INFOPLIST_FILE = AlarmClock/Info.plist;
				LD_RUNPATH_SEARCH_PATHS = (
					"$(inherited)",
					"@executable_path/Frameworks",
				);
				PRODUCT_BUNDLE_IDENTIFIER = com.zw.AlarmClock;
				PRODUCT_NAME = "$(TARGET_NAME)";
				TARGETED_DEVICE_FAMILY = "1,2";
			};
			name = Release;
		};
/* End XCBuildConfiguration section */

/* Begin XCConfigurationList section */
		DB11DB5322CEF4FD00DCCD78 /* Build configuration list for PBXProject "AlarmClock" */ = {
			isa = XCConfigurationList;
			buildConfigurations = (
				DB11DB6C22CEF4FD00DCCD78 /* Debug */,
				DB11DB6D22CEF4FD00DCCD78 /* Release */,
			);
			defaultConfigurationIsVisible = 0;
			defaultConfigurationName = Release;
		};
		DB11DB6E22CEF4FD00DCCD78 /* Build configuration list for PBXNativeTarget "AlarmClock" */ = {
			isa = XCConfigurationList;
			buildConfigurations = (
				DB11DB6F22CEF4FD00DCCD78 /* Debug */,
				DB11DB7022CEF4FD00DCCD78 /* Release */,
			);
			defaultConfigurationIsVisible = 0;
			defaultConfigurationName = Release;
		};
/* End XCConfigurationList section */
	};
	rootObject = DB11DB5022CEF4FD00DCCD78 /* Project object */;
}
